
Microsoft Visual Studio Solution File, Format Version 12.00
# Visual Studio Version 17
VisualStudioVersion = 17.2.32616.157
MinimumVisualStudioVersion = 10.0.40219.1
Project("{FAE04EC0-301F-11D3-BF4B-00C04F79EFBC}") = "Bai3Lab1", "Bai3Lab1\Bai3Lab1.csproj", "{D3255E76-7848-4ABE-9D06-32C68C18E592}"
EndProject
Global
	GlobalSection(SolutionConfigurationPlatforms) = preSolution
		Debug|Any CPU = Debug|Any CPU
		Release|Any CPU = Release|Any CPU
	EndGlobalSection
	GlobalSection(ProjectConfigurationPlatforms) = postSolution
		{D3255E76-7848-4ABE-9D06-32C68C18E592}.Debug|Any CPU.ActiveCfg = Debug|Any CPU
		{D3255E76-7848-4ABE-9D06-32C68C18E592}.Debug|Any CPU.Build.0 = Debug|Any CPU
		{D3255E76-7848-4ABE-9D06-32C68C18E592}.Release|Any CPU.ActiveCfg = Release|Any CPU
		{D3255E76-7848-4ABE-9D06-32C68C18E592}.Release|Any CPU.Build.0 = Release|Any CPU
	EndGlobalSection
	GlobalSection(SolutionProperties) = preSolution
		HideSolutionNode = FALSE
	EndGlobalSection
	GlobalSection(ExtensibilityGlobals) = postSolution
		SolutionGuid = {F1235CF1-3344-401C-91CB-504C45F67C77}
	EndGlobalSection
EndGlobal
