
Microsoft Visual Studio Solution File, Format Version 12.00
# Visual Studio Version 17
VisualStudioVersion = 17.2.32616.157
MinimumVisualStudioVersion = 10.0.40219.1
Project("{FAE04EC0-301F-11D3-BF4B-00C04F79EFBC}") = "Bai4Lab01", "Bai4Lab01\Bai4Lab01.csproj", "{6588143D-832B-4D68-A99B-E2F3BF25B853}"
EndProject
Global
	GlobalSection(SolutionConfigurationPlatforms) = preSolution
		Debug|Any CPU = Debug|Any CPU
		Release|Any CPU = Release|Any CPU
	EndGlobalSection
	GlobalSection(ProjectConfigurationPlatforms) = postSolution
		{6588143D-832B-4D68-A99B-E2F3BF25B853}.Debug|Any CPU.ActiveCfg = Debug|Any CPU
		{6588143D-832B-4D68-A99B-E2F3BF25B853}.Debug|Any CPU.Build.0 = Debug|Any CPU
		{6588143D-832B-4D68-A99B-E2F3BF25B853}.Release|Any CPU.ActiveCfg = Release|Any CPU
		{6588143D-832B-4D68-A99B-E2F3BF25B853}.Release|Any CPU.Build.0 = Release|Any CPU
	EndGlobalSection
	GlobalSection(SolutionProperties) = preSolution
		HideSolutionNode = FALSE
	EndGlobalSection
	GlobalSection(ExtensibilityGlobals) = postSolution
		SolutionGuid = {510F12E2-BD84-46A2-89D5-8871D59B2B38}
	EndGlobalSection
EndGlobal
